// !$*UTF8*$!
{
	archiveVersion = 1;
	classes = {
	};
	objectVersion = 77;
	objects = {

/* Begin PBXBuildFile section */
		1240F4AE2E476D4E001DEFDC /* Dictionary+.swift in Sources */ = {isa = PBXBuildFile; fileRef = 1240F4942E476D4E001DEFDC /* Dictionary+.swift */; };
		1240F4AF2E476D4E001DEFDC /* Encodable+.swift in Sources */ = {isa = PBXBuildFile; fileRef = 1240F4952E476D4E001DEFDC /* Encodable+.swift */; };
		1240F4B02E476D4E001DEFDC /* String+.swift in Sources */ = {isa = PBXBuildFile; fileRef = 1240F4962E476D4E001DEFDC /* String+.swift */; };
		1240F4B12E476D4E001DEFDC /* NetworkCacheManager.swift in Sources */ = {isa = PBXBuildFile; fileRef = 1240F4982E476D4E001DEFDC /* NetworkCacheManager.swift */; };
		1240F4B22E476D4E001DEFDC /* NetworkError.swift in Sources */ = {isa = PBXBuildFile; fileRef = 1240F49A2E476D4E001DEFDC /* NetworkError.swift */; };
		1240F4B32E476D4E001DEFDC /* NetworkHTTP.swift in Sources */ = {isa = PBXBuildFile; fileRef = 1240F49C2E476D4E001DEFDC /* NetworkHTTP.swift */; };
		1240F4B42E476D4E001DEFDC /* NetworkLogging.swift in Sources */ = {isa = PBXBuildFile; fileRef = 1240F49E2E476D4E001DEFDC /* NetworkLogging.swift */; };
		1240F4B52E476D4E001DEFDC /* NetworkRequestBuilder.swift in Sources */ = {isa = PBXBuildFile; fileRef = 1240F4A02E476D4E001DEFDC /* NetworkRequestBuilder.swift */; };
		1240F4B62E476D4E001DEFDC /* NetworkRequestConfig.swift in Sources */ = {isa = PBXBuildFile; fileRef = 1240F4A12E476D4E001DEFDC /* NetworkRequestConfig.swift */; };
		1240F4B72E476D4E001DEFDC /* NetworkResponseValidator.swift in Sources */ = {isa = PBXBuildFile; fileRef = 1240F4A32E476D4E001DEFDC /* NetworkResponseValidator.swift */; };
		1240F4B82E476D4E001DEFDC /* NetworkSessionManager.swift in Sources */ = {isa = PBXBuildFile; fileRef = 1240F4A52E476D4E001DEFDC /* NetworkSessionManager.swift */; };
		1240F4B92E476D4E001DEFDC /* NetworkExecutor.swift in Sources */ = {isa = PBXBuildFile; fileRef = 1240F4A72E476D4E001DEFDC /* NetworkExecutor.swift */; };
		1240F4BB2E476D4E001DEFDC /* TVShowsApp.swift in Sources */ = {isa = PBXBuildFile; fileRef = 1240F4AC2E476D4E001DEFDC /* TVShowsApp.swift */; };
		1240F4BC2E476D4E001DEFDC /* Assets.xcassets in Resources */ = {isa = PBXBuildFile; fileRef = 1240F4AA2E476D4E001DEFDC /* Assets.xcassets */; };
		1240F4CC2E477020001DEFDC /* BaseCoordinatable.swift in Sources */ = {isa = PBXBuildFile; fileRef = 1240F4CB2E47701C001DEFDC /* BaseCoordinatable.swift */; };
		1240F4CE2E477027001DEFDC /* Coordinatable.swift in Sources */ = {isa = PBXBuildFile; fileRef = 1240F4CD2E477025001DEFDC /* Coordinatable.swift */; };
		1240F4D02E477031001DEFDC /* CoordinatablePath.swift in Sources */ = {isa = PBXBuildFile; fileRef = 1240F4CF2E47702D001DEFDC /* CoordinatablePath.swift */; };
		1240F4D22E477094001DEFDC /* AppCoordinator.swift in Sources */ = {isa = PBXBuildFile; fileRef = 1240F4D12E477091001DEFDC /* AppCoordinator.swift */; };
		1240F4D42E4770E6001DEFDC /* AppCoordinator+Paths.swift in Sources */ = {isa = PBXBuildFile; fileRef = 1240F4D32E4770E1001DEFDC /* AppCoordinator+Paths.swift */; };
		1240F4D62E47711D001DEFDC /* AppCoordinatorView.swift in Sources */ = {isa = PBXBuildFile; fileRef = 1240F4D52E47711A001DEFDC /* AppCoordinatorView.swift */; };
		1240F4DC2E477173001DEFDC /* AppCoordinator+Preview.swift in Sources */ = {isa = PBXBuildFile; fileRef = 1240F4DB2E477171001DEFDC /* AppCoordinator+Preview.swift */; };
		1240F4DE2E4775E0001DEFDC /* Font+.swift in Sources */ = {isa = PBXBuildFile; fileRef = 1240F4DD2E4775DE001DEFDC /* Font+.swift */; };
		1240F4E12E477710001DEFDC /* Colours.xcassets in Resources */ = {isa = PBXBuildFile; fileRef = 1240F4E02E477710001DEFDC /* Colours.xcassets */; };
		1240F4E72E477F07001DEFDC /* ShowRequestConfigs.swift in Sources */ = {isa = PBXBuildFile; fileRef = 1240F4E62E477EBB001DEFDC /* ShowRequestConfigs.swift */; };
		1240F4EE2E47822E001DEFDC /* DataTransferableObjects.swift in Sources */ = {isa = PBXBuildFile; fileRef = 1240F4ED2E47822A001DEFDC /* DataTransferableObjects.swift */; };
		1240F4F02E4782FB001DEFDC /* SingleShowDTO.swift in Sources */ = {isa = PBXBuildFile; fileRef = 1240F4EF2E47823A001DEFDC /* SingleShowDTO.swift */; };
		1240F4F42E4784E3001DEFDC /* ShowsListDTO.swift in Sources */ = {isa = PBXBuildFile; fileRef = 1240F4F32E4784DC001DEFDC /* ShowsListDTO.swift */; };
		1240F4F62E478599001DEFDC /* QueriedShowsDTO.swift in Sources */ = {isa = PBXBuildFile; fileRef = 1240F4F52E47858A001DEFDC /* QueriedShowsDTO.swift */; };
		1240F4F82E4786CE001DEFDC /* SingleEpisodeDTO.swift in Sources */ = {isa = PBXBuildFile; fileRef = 1240F4F72E4786CA001DEFDC /* SingleEpisodeDTO.swift */; };
		1240F4FA2E478756001DEFDC /* EpisodesListDTO.swift in Sources */ = {isa = PBXBuildFile; fileRef = 1240F4F92E478751001DEFDC /* EpisodesListDTO.swift */; };
		1240F4FD2E478803001DEFDC /* ShowsListModel.swift in Sources */ = {isa = PBXBuildFile; fileRef = 1240F4FC2E4787FE001DEFDC /* ShowsListModel.swift */; };
		1240F4FF2E47880E001DEFDC /* QueriedShowsModel.swift in Sources */ = {isa = PBXBuildFile; fileRef = 1240F4FE2E478807001DEFDC /* QueriedShowsModel.swift */; };
		1240F5012E478813001DEFDC /* SingleShowModel.swift in Sources */ = {isa = PBXBuildFile; fileRef = 1240F5002E478811001DEFDC /* SingleShowModel.swift */; };
		1240F5032E47881D001DEFDC /* EpisodesListModel.swift in Sources */ = {isa = PBXBuildFile; fileRef = 1240F5022E478816001DEFDC /* EpisodesListModel.swift */; };
		1240F5052E478823001DEFDC /* SingleEpisodeModel.swift in Sources */ = {isa = PBXBuildFile; fileRef = 1240F5042E478820001DEFDC /* SingleEpisodeModel.swift */; };
		1240F50A2E478931001DEFDC /* SingleShowModel+Preview.swift in Sources */ = {isa = PBXBuildFile; fileRef = 1240F5092E47892E001DEFDC /* SingleShowModel+Preview.swift */; };
		1240F50C2E478942001DEFDC /* SingleEpisodeModel+Preview.swift in Sources */ = {isa = PBXBuildFile; fileRef = 1240F50B2E478940001DEFDC /* SingleEpisodeModel+Preview.swift */; };
		1240F50E2E478BF0001DEFDC /* ShowsListModel+Preview.swift in Sources */ = {isa = PBXBuildFile; fileRef = 1240F50D2E478BED001DEFDC /* ShowsListModel+Preview.swift */; };
		1240F5102E478D29001DEFDC /* QueriedShowsModel+Preview.swift in Sources */ = {isa = PBXBuildFile; fileRef = 1240F50F2E478D27001DEFDC /* QueriedShowsModel+Preview.swift */; };
		1240F5122E479365001DEFDC /* EpisodesList+Preview.swift in Sources */ = {isa = PBXBuildFile; fileRef = 1240F5112E47935D001DEFDC /* EpisodesList+Preview.swift */; };
		1240F5152E47E0FD001DEFDC /* Paginated.swift in Sources */ = {isa = PBXBuildFile; fileRef = 1240F5142E47E0F2001DEFDC /* Paginated.swift */; };
		1240F5182E47E1C6001DEFDC /* ShowsRepository.swift in Sources */ = {isa = PBXBuildFile; fileRef = 1240F5172E47E1C0001DEFDC /* ShowsRepository.swift */; };
		1240F51B2E47E306001DEFDC /* FetchShowsPageUseCase.swift in Sources */ = {isa = PBXBuildFile; fileRef = 1240F51A2E47E251001DEFDC /* FetchShowsPageUseCase.swift */; };
		1240F51D2E47E374001DEFDC /* QueryShowsUseCase.swift in Sources */ = {isa = PBXBuildFile; fileRef = 1240F51C2E47E36F001DEFDC /* QueryShowsUseCase.swift */; };
		1240F51F2E47E393001DEFDC /* FetchEpisodesUseCase.swift in Sources */ = {isa = PBXBuildFile; fileRef = 1240F51E2E47E38B001DEFDC /* FetchEpisodesUseCase.swift */; };
		1240F5242E47EB33001DEFDC /* ShowsRemoteDataSource.swift in Sources */ = {isa = PBXBuildFile; fileRef = 1240F5232E47EB2E001DEFDC /* ShowsRemoteDataSource.swift */; };
		1240F5262E47F02C001DEFDC /* NetworkFactory.swift in Sources */ = {isa = PBXBuildFile; fileRef = 1240F5252E47F025001DEFDC /* NetworkFactory.swift */; };
		1240F5282E47F3C2001DEFDC /* NetworkErrorMapper.swift in Sources */ = {isa = PBXBuildFile; fileRef = 1240F5272E47F3BD001DEFDC /* NetworkErrorMapper.swift */; };
		1240F52A2E47F4D8001DEFDC /* NetworkDependencies.swift in Sources */ = {isa = PBXBuildFile; fileRef = 1240F5292E47F4D4001DEFDC /* NetworkDependencies.swift */; };
		1240F52D2E47FE5D001DEFDC /* NetworkResponseDecoder.swift in Sources */ = {isa = PBXBuildFile; fileRef = 1240F52C2E47FE57001DEFDC /* NetworkResponseDecoder.swift */; };
		1240F5302E480B1D001DEFDC /* ShowsRepositoryImpl.swift in Sources */ = {isa = PBXBuildFile; fileRef = 1240F52F2E480B11001DEFDC /* ShowsRepositoryImpl.swift */; };
		1240F5332E48108C001DEFDC /* ShowsListViewModel.swift in Sources */ = {isa = PBXBuildFile; fileRef = 1240F5322E481084001DEFDC /* ShowsListViewModel.swift */; };
		1240F5352E481092001DEFDC /* ShowsListView.swift in Sources */ = {isa = PBXBuildFile; fileRef = 1240F5342E48108F001DEFDC /* ShowsListView.swift */; };
		1240F5372E4814E1001DEFDC /* ShowsListSingleItemView.swift in Sources */ = {isa = PBXBuildFile; fileRef = 1240F5362E4814D7001DEFDC /* ShowsListSingleItemView.swift */; };
		1240F53B2E482703001DEFDC /* ShimmerView.swift in Sources */ = {isa = PBXBuildFile; fileRef = 1240F53A2E482701001DEFDC /* ShimmerView.swift */; };
		1240F53E2E489595001DEFDC /* BorderedView.swift in Sources */ = {isa = PBXBuildFile; fileRef = 1240F53D2E489593001DEFDC /* BorderedView.swift */; };
		1240F5402E4896C9001DEFDC /* Color+.swift in Sources */ = {isa = PBXBuildFile; fileRef = 1240F53F2E4896C6001DEFDC /* Color+.swift */; };
		1240F5422E489F1B001DEFDC /* APIErrorDTO.swift in Sources */ = {isa = PBXBuildFile; fileRef = 1240F5412E489F18001DEFDC /* APIErrorDTO.swift */; };
		1240F5472E48B50B001DEFDC /* ShowDetailViewModel.swift in Sources */ = {isa = PBXBuildFile; fileRef = 1240F5462E48B504001DEFDC /* ShowDetailViewModel.swift */; };
		1240F5492E48B510001DEFDC /* ShowDetailView.swift in Sources */ = {isa = PBXBuildFile; fileRef = 1240F5482E48B50E001DEFDC /* ShowDetailView.swift */; };
		1240F54B2E48B965001DEFDC /* Enveloped.swift in Sources */ = {isa = PBXBuildFile; fileRef = 1240F54A2E48B962001DEFDC /* Enveloped.swift */; };
		1240F5512E48D863001DEFDC /* FetchEpisodesUseCase+Preview.swift in Sources */ = {isa = PBXBuildFile; fileRef = 1240F5502E48D863001DEFDC /* FetchEpisodesUseCase+Preview.swift */; };
		1240F5532E48E358001DEFDC /* ShowsListViewModel+Preview.swift in Sources */ = {isa = PBXBuildFile; fileRef = 1240F5522E48E353001DEFDC /* ShowsListViewModel+Preview.swift */; };
		1240F5552E48E380001DEFDC /* FetchShowsPageUseCase+Preview.swift in Sources */ = {isa = PBXBuildFile; fileRef = 1240F5542E48E375001DEFDC /* FetchShowsPageUseCase+Preview.swift */; };
		1240F5582E490CBF001DEFDC /* EpisodeDetailViewModel.swift in Sources */ = {isa = PBXBuildFile; fileRef = 1240F5572E490CBC001DEFDC /* EpisodeDetailViewModel.swift */; };
		1240F55A2E490CD0001DEFDC /* EpisodeDetailView.swift in Sources */ = {isa = PBXBuildFile; fileRef = 1240F5592E490CCE001DEFDC /* EpisodeDetailView.swift */; };
		1240F55C2E490CFF001DEFDC /* ShowDetailViewModel+Preview.swift in Sources */ = {isa = PBXBuildFile; fileRef = 1240F55B2E490CFC001DEFDC /* ShowDetailViewModel+Preview.swift */; };
		1240F55E2E490E60001DEFDC /* EpisodeDetailViewModel+Preview.swift in Sources */ = {isa = PBXBuildFile; fileRef = 1240F55D2E490E5D001DEFDC /* EpisodeDetailViewModel+Preview.swift */; };
		1240F5602E4915BA001DEFDC /* Int+.swift in Sources */ = {isa = PBXBuildFile; fileRef = 1240F55F2E4915B8001DEFDC /* Int+.swift */; };
/* End PBXBuildFile section */

/* Begin PBXContainerItemProxy section */
		1240F42F2E475BE3001DEFDC /* PBXContainerItemProxy */ = {
			isa = PBXContainerItemProxy;
			containerPortal = 1240F4192E475BE1001DEFDC /* Project object */;
			proxyType = 1;
			remoteGlobalIDString = 1240F4202E475BE1001DEFDC;
			remoteInfo = TVShows;
		};
/* End PBXContainerItemProxy section */

/* Begin PBXFileReference section */
		1240F4212E475BE1001DEFDC /* TVShows.app */ = {isa = PBXFileReference; explicitFileType = wrapper.application; includeInIndex = 0; path = TVShows.app; sourceTree = BUILT_PRODUCTS_DIR; };
		1240F42E2E475BE3001DEFDC /* TVShowsTests.xctest */ = {isa = PBXFileReference; explicitFileType = wrapper.cfbundle; includeInIndex = 0; path = TVShowsTests.xctest; sourceTree = BUILT_PRODUCTS_DIR; };
		1240F4942E476D4E001DEFDC /* Dictionary+.swift */ = {isa = PBXFileReference; lastKnownFileType = sourcecode.swift; path = "Dictionary+.swift"; sourceTree = "<group>"; };
		1240F4952E476D4E001DEFDC /* Encodable+.swift */ = {isa = PBXFileReference; lastKnownFileType = sourcecode.swift; path = "Encodable+.swift"; sourceTree = "<group>"; };
		1240F4962E476D4E001DEFDC /* String+.swift */ = {isa = PBXFileReference; lastKnownFileType = sourcecode.swift; path = "String+.swift"; sourceTree = "<group>"; };
		1240F4982E476D4E001DEFDC /* NetworkCacheManager.swift */ = {isa = PBXFileReference; lastKnownFileType = sourcecode.swift; path = NetworkCacheManager.swift; sourceTree = "<group>"; };
		1240F49A2E476D4E001DEFDC /* NetworkError.swift */ = {isa = PBXFileReference; lastKnownFileType = sourcecode.swift; path = NetworkError.swift; sourceTree = "<group>"; };
		1240F49C2E476D4E001DEFDC /* NetworkHTTP.swift */ = {isa = PBXFileReference; lastKnownFileType = sourcecode.swift; path = NetworkHTTP.swift; sourceTree = "<group>"; };
		1240F49E2E476D4E001DEFDC /* NetworkLogging.swift */ = {isa = PBXFileReference; lastKnownFileType = sourcecode.swift; path = NetworkLogging.swift; sourceTree = "<group>"; };
		1240F4A02E476D4E001DEFDC /* NetworkRequestBuilder.swift */ = {isa = PBXFileReference; lastKnownFileType = sourcecode.swift; path = NetworkRequestBuilder.swift; sourceTree = "<group>"; };
		1240F4A12E476D4E001DEFDC /* NetworkRequestConfig.swift */ = {isa = PBXFileReference; lastKnownFileType = sourcecode.swift; path = NetworkRequestConfig.swift; sourceTree = "<group>"; };
		1240F4A32E476D4E001DEFDC /* NetworkResponseValidator.swift */ = {isa = PBXFileReference; lastKnownFileType = sourcecode.swift; path = NetworkResponseValidator.swift; sourceTree = "<group>"; };
		1240F4A52E476D4E001DEFDC /* NetworkSessionManager.swift */ = {isa = PBXFileReference; lastKnownFileType = sourcecode.swift; path = NetworkSessionManager.swift; sourceTree = "<group>"; };
		1240F4A72E476D4E001DEFDC /* NetworkExecutor.swift */ = {isa = PBXFileReference; lastKnownFileType = sourcecode.swift; path = NetworkExecutor.swift; sourceTree = "<group>"; };
		1240F4AA2E476D4E001DEFDC /* Assets.xcassets */ = {isa = PBXFileReference; lastKnownFileType = folder.assetcatalog; path = Assets.xcassets; sourceTree = "<group>"; };
		1240F4AC2E476D4E001DEFDC /* TVShowsApp.swift */ = {isa = PBXFileReference; lastKnownFileType = sourcecode.swift; path = TVShowsApp.swift; sourceTree = "<group>"; };
		1240F4CB2E47701C001DEFDC /* BaseCoordinatable.swift */ = {isa = PBXFileReference; lastKnownFileType = sourcecode.swift; path = BaseCoordinatable.swift; sourceTree = "<group>"; };
		1240F4CD2E477025001DEFDC /* Coordinatable.swift */ = {isa = PBXFileReference; lastKnownFileType = sourcecode.swift; path = Coordinatable.swift; sourceTree = "<group>"; };
		1240F4CF2E47702D001DEFDC /* CoordinatablePath.swift */ = {isa = PBXFileReference; lastKnownFileType = sourcecode.swift; path = CoordinatablePath.swift; sourceTree = "<group>"; };
		1240F4D12E477091001DEFDC /* AppCoordinator.swift */ = {isa = PBXFileReference; lastKnownFileType = sourcecode.swift; path = AppCoordinator.swift; sourceTree = "<group>"; };
		1240F4D32E4770E1001DEFDC /* AppCoordinator+Paths.swift */ = {isa = PBXFileReference; lastKnownFileType = sourcecode.swift; path = "AppCoordinator+Paths.swift"; sourceTree = "<group>"; };
		1240F4D52E47711A001DEFDC /* AppCoordinatorView.swift */ = {isa = PBXFileReference; lastKnownFileType = sourcecode.swift; path = AppCoordinatorView.swift; sourceTree = "<group>"; };
		1240F4DB2E477171001DEFDC /* AppCoordinator+Preview.swift */ = {isa = PBXFileReference; lastKnownFileType = sourcecode.swift; path = "AppCoordinator+Preview.swift"; sourceTree = "<group>"; };
		1240F4DD2E4775DE001DEFDC /* Font+.swift */ = {isa = PBXFileReference; lastKnownFileType = sourcecode.swift; path = "Font+.swift"; sourceTree = "<group>"; };
		1240F4E02E477710001DEFDC /* Colours.xcassets */ = {isa = PBXFileReference; lastKnownFileType = folder.assetcatalog; path = Colours.xcassets; sourceTree = "<group>"; };
		1240F4E62E477EBB001DEFDC /* ShowRequestConfigs.swift */ = {isa = PBXFileReference; lastKnownFileType = sourcecode.swift; path = ShowRequestConfigs.swift; sourceTree = "<group>"; };
		1240F4ED2E47822A001DEFDC /* DataTransferableObjects.swift */ = {isa = PBXFileReference; lastKnownFileType = sourcecode.swift; path = DataTransferableObjects.swift; sourceTree = "<group>"; };
		1240F4EF2E47823A001DEFDC /* SingleShowDTO.swift */ = {isa = PBXFileReference; lastKnownFileType = sourcecode.swift; path = SingleShowDTO.swift; sourceTree = "<group>"; };
		1240F4F32E4784DC001DEFDC /* ShowsListDTO.swift */ = {isa = PBXFileReference; lastKnownFileType = sourcecode.swift; path = ShowsListDTO.swift; sourceTree = "<group>"; };
		1240F4F52E47858A001DEFDC /* QueriedShowsDTO.swift */ = {isa = PBXFileReference; lastKnownFileType = sourcecode.swift; path = QueriedShowsDTO.swift; sourceTree = "<group>"; };
		1240F4F72E4786CA001DEFDC /* SingleEpisodeDTO.swift */ = {isa = PBXFileReference; lastKnownFileType = sourcecode.swift; path = SingleEpisodeDTO.swift; sourceTree = "<group>"; };
		1240F4F92E478751001DEFDC /* EpisodesListDTO.swift */ = {isa = PBXFileReference; lastKnownFileType = sourcecode.swift; path = EpisodesListDTO.swift; sourceTree = "<group>"; };
		1240F4FC2E4787FE001DEFDC /* ShowsListModel.swift */ = {isa = PBXFileReference; lastKnownFileType = sourcecode.swift; path = ShowsListModel.swift; sourceTree = "<group>"; };
		1240F4FE2E478807001DEFDC /* QueriedShowsModel.swift */ = {isa = PBXFileReference; lastKnownFileType = sourcecode.swift; path = QueriedShowsModel.swift; sourceTree = "<group>"; };
		1240F5002E478811001DEFDC /* SingleShowModel.swift */ = {isa = PBXFileReference; lastKnownFileType = sourcecode.swift; path = SingleShowModel.swift; sourceTree = "<group>"; };
		1240F5022E478816001DEFDC /* EpisodesListModel.swift */ = {isa = PBXFileReference; lastKnownFileType = sourcecode.swift; path = EpisodesListModel.swift; sourceTree = "<group>"; };
		1240F5042E478820001DEFDC /* SingleEpisodeModel.swift */ = {isa = PBXFileReference; lastKnownFileType = sourcecode.swift; path = SingleEpisodeModel.swift; sourceTree = "<group>"; };
		1240F5092E47892E001DEFDC /* SingleShowModel+Preview.swift */ = {isa = PBXFileReference; lastKnownFileType = sourcecode.swift; path = "SingleShowModel+Preview.swift"; sourceTree = "<group>"; };
		1240F50B2E478940001DEFDC /* SingleEpisodeModel+Preview.swift */ = {isa = PBXFileReference; lastKnownFileType = sourcecode.swift; path = "SingleEpisodeModel+Preview.swift"; sourceTree = "<group>"; };
		1240F50D2E478BED001DEFDC /* ShowsListModel+Preview.swift */ = {isa = PBXFileReference; lastKnownFileType = sourcecode.swift; path = "ShowsListModel+Preview.swift"; sourceTree = "<group>"; };
		1240F50F2E478D27001DEFDC /* QueriedShowsModel+Preview.swift */ = {isa = PBXFileReference; lastKnownFileType = sourcecode.swift; path = "QueriedShowsModel+Preview.swift"; sourceTree = "<group>"; };
		1240F5112E47935D001DEFDC /* EpisodesList+Preview.swift */ = {isa = PBXFileReference; lastKnownFileType = sourcecode.swift; path = "EpisodesList+Preview.swift"; sourceTree = "<group>"; };
		1240F5142E47E0F2001DEFDC /* Paginated.swift */ = {isa = PBXFileReference; lastKnownFileType = sourcecode.swift; path = Paginated.swift; sourceTree = "<group>"; };
		1240F5172E47E1C0001DEFDC /* ShowsRepository.swift */ = {isa = PBXFileReference; lastKnownFileType = sourcecode.swift; path = ShowsRepository.swift; sourceTree = "<group>"; };
		1240F51A2E47E251001DEFDC /* FetchShowsPageUseCase.swift */ = {isa = PBXFileReference; lastKnownFileType = sourcecode.swift; path = FetchShowsPageUseCase.swift; sourceTree = "<group>"; };
		1240F51C2E47E36F001DEFDC /* QueryShowsUseCase.swift */ = {isa = PBXFileReference; lastKnownFileType = sourcecode.swift; path = QueryShowsUseCase.swift; sourceTree = "<group>"; };
		1240F51E2E47E38B001DEFDC /* FetchEpisodesUseCase.swift */ = {isa = PBXFileReference; lastKnownFileType = sourcecode.swift; path = FetchEpisodesUseCase.swift; sourceTree = "<group>"; };
		1240F5232E47EB2E001DEFDC /* ShowsRemoteDataSource.swift */ = {isa = PBXFileReference; lastKnownFileType = sourcecode.swift; path = ShowsRemoteDataSource.swift; sourceTree = "<group>"; };
		1240F5252E47F025001DEFDC /* NetworkFactory.swift */ = {isa = PBXFileReference; lastKnownFileType = sourcecode.swift; path = NetworkFactory.swift; sourceTree = "<group>"; };
		1240F5272E47F3BD001DEFDC /* NetworkErrorMapper.swift */ = {isa = PBXFileReference; lastKnownFileType = sourcecode.swift; path = NetworkErrorMapper.swift; sourceTree = "<group>"; };
		1240F5292E47F4D4001DEFDC /* NetworkDependencies.swift */ = {isa = PBXFileReference; lastKnownFileType = sourcecode.swift; path = NetworkDependencies.swift; sourceTree = "<group>"; };
		1240F52C2E47FE57001DEFDC /* NetworkResponseDecoder.swift */ = {isa = PBXFileReference; lastKnownFileType = sourcecode.swift; path = NetworkResponseDecoder.swift; sourceTree = "<group>"; };
		1240F52F2E480B11001DEFDC /* ShowsRepositoryImpl.swift */ = {isa = PBXFileReference; lastKnownFileType = sourcecode.swift; path = ShowsRepositoryImpl.swift; sourceTree = "<group>"; };
		1240F5322E481084001DEFDC /* ShowsListViewModel.swift */ = {isa = PBXFileReference; lastKnownFileType = sourcecode.swift; path = ShowsListViewModel.swift; sourceTree = "<group>"; };
		1240F5342E48108F001DEFDC /* ShowsListView.swift */ = {isa = PBXFileReference; lastKnownFileType = sourcecode.swift; path = ShowsListView.swift; sourceTree = "<group>"; };
		1240F5362E4814D7001DEFDC /* ShowsListSingleItemView.swift */ = {isa = PBXFileReference; lastKnownFileType = sourcecode.swift; path = ShowsListSingleItemView.swift; sourceTree = "<group>"; };
		1240F53A2E482701001DEFDC /* ShimmerView.swift */ = {isa = PBXFileReference; lastKnownFileType = sourcecode.swift; path = ShimmerView.swift; sourceTree = "<group>"; };
		1240F53D2E489593001DEFDC /* BorderedView.swift */ = {isa = PBXFileReference; lastKnownFileType = sourcecode.swift; path = BorderedView.swift; sourceTree = "<group>"; };
		1240F53F2E4896C6001DEFDC /* Color+.swift */ = {isa = PBXFileReference; lastKnownFileType = sourcecode.swift; path = "Color+.swift"; sourceTree = "<group>"; };
		1240F5412E489F18001DEFDC /* APIErrorDTO.swift */ = {isa = PBXFileReference; lastKnownFileType = sourcecode.swift; path = APIErrorDTO.swift; sourceTree = "<group>"; };
		1240F5462E48B504001DEFDC /* ShowDetailViewModel.swift */ = {isa = PBXFileReference; lastKnownFileType = sourcecode.swift; path = ShowDetailViewModel.swift; sourceTree = "<group>"; };
		1240F5482E48B50E001DEFDC /* ShowDetailView.swift */ = {isa = PBXFileReference; lastKnownFileType = sourcecode.swift; path = ShowDetailView.swift; sourceTree = "<group>"; };
		1240F54A2E48B962001DEFDC /* Enveloped.swift */ = {isa = PBXFileReference; lastKnownFileType = sourcecode.swift; path = Enveloped.swift; sourceTree = "<group>"; };
		1240F5502E48D863001DEFDC /* FetchEpisodesUseCase+Preview.swift */ = {isa = PBXFileReference; lastKnownFileType = sourcecode.swift; path = "FetchEpisodesUseCase+Preview.swift"; sourceTree = "<group>"; };
		1240F5522E48E353001DEFDC /* ShowsListViewModel+Preview.swift */ = {isa = PBXFileReference; lastKnownFileType = sourcecode.swift; path = "ShowsListViewModel+Preview.swift"; sourceTree = "<group>"; };
		1240F5542E48E375001DEFDC /* FetchShowsPageUseCase+Preview.swift */ = {isa = PBXFileReference; lastKnownFileType = sourcecode.swift; path = "FetchShowsPageUseCase+Preview.swift"; sourceTree = "<group>"; };
		1240F5572E490CBC001DEFDC /* EpisodeDetailViewModel.swift */ = {isa = PBXFileReference; lastKnownFileType = sourcecode.swift; path = EpisodeDetailViewModel.swift; sourceTree = "<group>"; };
		1240F5592E490CCE001DEFDC /* EpisodeDetailView.swift */ = {isa = PBXFileReference; lastKnownFileType = sourcecode.swift; path = EpisodeDetailView.swift; sourceTree = "<group>"; };
		1240F55B2E490CFC001DEFDC /* ShowDetailViewModel+Preview.swift */ = {isa = PBXFileReference; lastKnownFileType = sourcecode.swift; path = "ShowDetailViewModel+Preview.swift"; sourceTree = "<group>"; };
		1240F55D2E490E5D001DEFDC /* EpisodeDetailViewModel+Preview.swift */ = {isa = PBXFileReference; lastKnownFileType = sourcecode.swift; path = "EpisodeDetailViewModel+Preview.swift"; sourceTree = "<group>"; };
		1240F55F2E4915B8001DEFDC /* Int+.swift */ = {isa = PBXFileReference; lastKnownFileType = sourcecode.swift; path = "Int+.swift"; sourceTree = "<group>"; };
/* End PBXFileReference section */

/* Begin PBXFrameworksBuildPhase section */
		1240F41E2E475BE1001DEFDC /* Frameworks */ = {
			isa = PBXFrameworksBuildPhase;
			buildActionMask = 2147483647;
			files = (
			);
			runOnlyForDeploymentPostprocessing = 0;
		};
		1240F42B2E475BE3001DEFDC /* Frameworks */ = {
			isa = PBXFrameworksBuildPhase;
			buildActionMask = 2147483647;
			files = (
			);
			runOnlyForDeploymentPostprocessing = 0;
		};
/* End PBXFrameworksBuildPhase section */

/* Begin PBXGroup section */
		1240F4182E475BE1001DEFDC = {
			isa = PBXGroup;
			children = (
				1240F4AD2E476D4E001DEFDC /* TVShows */,
				1240F4BE2E476D54001DEFDC /* TVShowsTests */,
				1240F4222E475BE1001DEFDC /* Products */,
			);
			sourceTree = "<group>";
		};
		1240F4222E475BE1001DEFDC /* Products */ = {
			isa = PBXGroup;
			children = (
				1240F4212E475BE1001DEFDC /* TVShows.app */,
				1240F42E2E475BE3001DEFDC /* TVShowsTests.xctest */,
			);
			name = Products;
			sourceTree = "<group>";
		};
		1240F4972E476D4E001DEFDC /* Extending */ = {
			isa = PBXGroup;
			children = (
				1240F4942E476D4E001DEFDC /* Dictionary+.swift */,
				1240F55F2E4915B8001DEFDC /* Int+.swift */,
				1240F4952E476D4E001DEFDC /* Encodable+.swift */,
				1240F4962E476D4E001DEFDC /* String+.swift */,
			);
			path = Extending;
			sourceTree = "<group>";
		};
		1240F4992E476D4E001DEFDC /* Cache */ = {
			isa = PBXGroup;
			children = (
				1240F4982E476D4E001DEFDC /* NetworkCacheManager.swift */,
			);
			path = Cache;
			sourceTree = "<group>";
		};
		1240F49B2E476D4E001DEFDC /* Error */ = {
			isa = PBXGroup;
			children = (
				1240F5272E47F3BD001DEFDC /* NetworkErrorMapper.swift */,
				1240F49A2E476D4E001DEFDC /* NetworkError.swift */,
			);
			path = Error;
			sourceTree = "<group>";
		};
		1240F49D2E476D4E001DEFDC /* HTTP */ = {
			isa = PBXGroup;
			children = (
				1240F49C2E476D4E001DEFDC /* NetworkHTTP.swift */,
			);
			path = HTTP;
			sourceTree = "<group>";
		};
		1240F49F2E476D4E001DEFDC /* Logging */ = {
			isa = PBXGroup;
			children = (
				1240F49E2E476D4E001DEFDC /* NetworkLogging.swift */,
			);
			path = Logging;
			sourceTree = "<group>";
		};
		1240F4A22E476D4E001DEFDC /* Request */ = {
			isa = PBXGroup;
			children = (
				1240F4A02E476D4E001DEFDC /* NetworkRequestBuilder.swift */,
				1240F4A12E476D4E001DEFDC /* NetworkRequestConfig.swift */,
			);
			path = Request;
			sourceTree = "<group>";
		};
		1240F4A42E476D4E001DEFDC /* Response */ = {
			isa = PBXGroup;
			children = (
				1240F4A32E476D4E001DEFDC /* NetworkResponseValidator.swift */,
				1240F52C2E47FE57001DEFDC /* NetworkResponseDecoder.swift */,
			);
			path = Response;
			sourceTree = "<group>";
		};
		1240F4A62E476D4E001DEFDC /* Session */ = {
			isa = PBXGroup;
			children = (
				1240F4A52E476D4E001DEFDC /* NetworkSessionManager.swift */,
			);
			path = Session;
			sourceTree = "<group>";
		};
		1240F4A82E476D4E001DEFDC /* Networking */ = {
			isa = PBXGroup;
			children = (
				1240F4992E476D4E001DEFDC /* Cache */,
				1240F49B2E476D4E001DEFDC /* Error */,
				1240F49D2E476D4E001DEFDC /* HTTP */,
				1240F49F2E476D4E001DEFDC /* Logging */,
				1240F4A22E476D4E001DEFDC /* Request */,
				1240F4A42E476D4E001DEFDC /* Response */,
				1240F4A62E476D4E001DEFDC /* Session */,
				1240F5292E47F4D4001DEFDC /* NetworkDependencies.swift */,
				1240F5252E47F025001DEFDC /* NetworkFactory.swift */,
				1240F4A72E476D4E001DEFDC /* NetworkExecutor.swift */,
			);
			path = Networking;
			sourceTree = "<group>";
		};
		1240F4A92E476D4E001DEFDC /* Core */ = {
			isa = PBXGroup;
			children = (
				1240F4972E476D4E001DEFDC /* Extending */,
				1240F4A82E476D4E001DEFDC /* Networking */,
			);
			path = Core;
			sourceTree = "<group>";
		};
		1240F4AD2E476D4E001DEFDC /* TVShows */ = {
			isa = PBXGroup;
			children = (
				1240F4AC2E476D4E001DEFDC /* TVShowsApp.swift */,
				1240F4C62E476F88001DEFDC /* Domain */,
				1240F4C82E476FAB001DEFDC /* Presentation */,
				1240F4C72E476FA5001DEFDC /* Data */,
				1240F4A92E476D4E001DEFDC /* Core */,
				1240F4C52E476E70001DEFDC /* Resources */,
			);
			path = TVShows;
			sourceTree = "<group>";
		};
		1240F4BE2E476D54001DEFDC /* TVShowsTests */ = {
			isa = PBXGroup;
			children = (
			);
			path = TVShowsTests;
			sourceTree = "<group>";
		};
		1240F4C52E476E70001DEFDC /* Resources */ = {
			isa = PBXGroup;
			children = (
				1240F4AA2E476D4E001DEFDC /* Assets.xcassets */,
				1240F4DF2E4775E9001DEFDC /* MaterialDesign */,
				1240F4D72E47712D001DEFDC /* Previews */,
			);
			path = Resources;
			sourceTree = "<group>";
		};
		1240F4C62E476F88001DEFDC /* Domain */ = {
			isa = PBXGroup;
			children = (
				1240F4FB2E4787F3001DEFDC /* Entities */,
				1240F5132E47E0E9001DEFDC /* ValueObjects */,
				1240F5162E47E1A1001DEFDC /* Repositories */,
				1240F5192E47E246001DEFDC /* UseCases */,
			);
			path = Domain;
			sourceTree = "<group>";
		};
		1240F4C72E476FA5001DEFDC /* Data */ = {
			isa = PBXGroup;
			children = (
				1240F4E32E477E79001DEFDC /* Requests */,
				1240F52E2E480B03001DEFDC /* DataSources */,
				1240F5222E47EB24001DEFDC /* Repositories */,
				1240F4EB2E478211001DEFDC /* DTOs */,
			);
			path = Data;
			sourceTree = "<group>";
		};
		1240F4C82E476FAB001DEFDC /* Presentation */ = {
			isa = PBXGroup;
			children = (
				1240F4C92E47700D001DEFDC /* Coordinator */,
				1240F4D12E477091001DEFDC /* AppCoordinator.swift */,
				1240F4D32E4770E1001DEFDC /* AppCoordinator+Paths.swift */,
				1240F4D52E47711A001DEFDC /* AppCoordinatorView.swift */,
				1240F5312E48107C001DEFDC /* ShowsList */,
				1240F5452E48B4FD001DEFDC /* ShowDetail */,
				1240F5562E490CB1001DEFDC /* EpisodeDetail */,
				1240F5382E4826D8001DEFDC /* CommonUI */,
			);
			path = Presentation;
			sourceTree = "<group>";
		};
		1240F4C92E47700D001DEFDC /* Coordinator */ = {
			isa = PBXGroup;
			children = (
				1240F4CB2E47701C001DEFDC /* BaseCoordinatable.swift */,
				1240F4CF2E47702D001DEFDC /* CoordinatablePath.swift */,
				1240F4CD2E477025001DEFDC /* Coordinatable.swift */,
			);
			path = Coordinator;
			sourceTree = "<group>";
		};
		1240F4D72E47712D001DEFDC /* Previews */ = {
			isa = PBXGroup;
			children = (
				1240F4DA2E477164001DEFDC /* Domain */,
				1240F4D92E47715D001DEFDC /* Presentation */,
				1240F4D82E477158001DEFDC /* Data */,
			);
			path = Previews;
			sourceTree = "<group>";
		};
		1240F4D82E477158001DEFDC /* Data */ = {
			isa = PBXGroup;
			children = (
			);
			path = Data;
			sourceTree = "<group>";
		};
		1240F4D92E47715D001DEFDC /* Presentation */ = {
			isa = PBXGroup;
			children = (
				1240F4DB2E477171001DEFDC /* AppCoordinator+Preview.swift */,
				1240F5522E48E353001DEFDC /* ShowsListViewModel+Preview.swift */,
				1240F55B2E490CFC001DEFDC /* ShowDetailViewModel+Preview.swift */,
				1240F55D2E490E5D001DEFDC /* EpisodeDetailViewModel+Preview.swift */,
			);
			path = Presentation;
			sourceTree = "<group>";
		};
		1240F4DA2E477164001DEFDC /* Domain */ = {
			isa = PBXGroup;
			children = (
				1240F5082E478923001DEFDC /* Entities */,
				1240F54F2E48D847001DEFDC /* UseCases */,
			);
			path = Domain;
			sourceTree = "<group>";
		};
		1240F4DF2E4775E9001DEFDC /* MaterialDesign */ = {
			isa = PBXGroup;
			children = (
				1240F4E02E477710001DEFDC /* Colours.xcassets */,
				1240F53F2E4896C6001DEFDC /* Color+.swift */,
				1240F4DD2E4775DE001DEFDC /* Font+.swift */,
			);
			path = MaterialDesign;
			sourceTree = "<group>";
		};
		1240F4E32E477E79001DEFDC /* Requests */ = {
			isa = PBXGroup;
			children = (
				1240F4E62E477EBB001DEFDC /* ShowRequestConfigs.swift */,
			);
			path = Requests;
			sourceTree = "<group>";
		};
		1240F4EB2E478211001DEFDC /* DTOs */ = {
			isa = PBXGroup;
			children = (
				1240F4EC2E478220001DEFDC /* Protocol */,
				1240F4F32E4784DC001DEFDC /* ShowsListDTO.swift */,
				1240F4F52E47858A001DEFDC /* QueriedShowsDTO.swift */,
				1240F4EF2E47823A001DEFDC /* SingleShowDTO.swift */,
				1240F4F92E478751001DEFDC /* EpisodesListDTO.swift */,
				1240F4F72E4786CA001DEFDC /* SingleEpisodeDTO.swift */,
				1240F5412E489F18001DEFDC /* APIErrorDTO.swift */,
			);
			path = DTOs;
			sourceTree = "<group>";
		};
		1240F4EC2E478220001DEFDC /* Protocol */ = {
			isa = PBXGroup;
			children = (
				1240F4ED2E47822A001DEFDC /* DataTransferableObjects.swift */,
			);
			path = Protocol;
			sourceTree = "<group>";
		};
		1240F4FB2E4787F3001DEFDC /* Entities */ = {
			isa = PBXGroup;
			children = (
				1240F4FC2E4787FE001DEFDC /* ShowsListModel.swift */,
				1240F4FE2E478807001DEFDC /* QueriedShowsModel.swift */,
				1240F5002E478811001DEFDC /* SingleShowModel.swift */,
				1240F5022E478816001DEFDC /* EpisodesListModel.swift */,
				1240F5042E478820001DEFDC /* SingleEpisodeModel.swift */,
			);
			path = Entities;
			sourceTree = "<group>";
		};
		1240F5082E478923001DEFDC /* Entities */ = {
			isa = PBXGroup;
			children = (
				1240F50D2E478BED001DEFDC /* ShowsListModel+Preview.swift */,
				1240F50F2E478D27001DEFDC /* QueriedShowsModel+Preview.swift */,
				1240F5092E47892E001DEFDC /* SingleShowModel+Preview.swift */,
				1240F5112E47935D001DEFDC /* EpisodesList+Preview.swift */,
				1240F50B2E478940001DEFDC /* SingleEpisodeModel+Preview.swift */,
			);
			path = Entities;
			sourceTree = "<group>";
		};
		1240F5132E47E0E9001DEFDC /* ValueObjects */ = {
			isa = PBXGroup;
			children = (
				1240F54A2E48B962001DEFDC /* Enveloped.swift */,
				1240F5142E47E0F2001DEFDC /* Paginated.swift */,
			);
			path = ValueObjects;
			sourceTree = "<group>";
		};
		1240F5162E47E1A1001DEFDC /* Repositories */ = {
			isa = PBXGroup;
			children = (
				1240F5172E47E1C0001DEFDC /* ShowsRepository.swift */,
			);
			path = Repositories;
			sourceTree = "<group>";
		};
		1240F5192E47E246001DEFDC /* UseCases */ = {
			isa = PBXGroup;
			children = (
				1240F51A2E47E251001DEFDC /* FetchShowsPageUseCase.swift */,
				1240F51C2E47E36F001DEFDC /* QueryShowsUseCase.swift */,
				1240F51E2E47E38B001DEFDC /* FetchEpisodesUseCase.swift */,
			);
			path = UseCases;
			sourceTree = "<group>";
		};
		1240F5222E47EB24001DEFDC /* Repositories */ = {
			isa = PBXGroup;
			children = (
				1240F52F2E480B11001DEFDC /* ShowsRepositoryImpl.swift */,
			);
			path = Repositories;
			sourceTree = "<group>";
		};
		1240F52E2E480B03001DEFDC /* DataSources */ = {
			isa = PBXGroup;
			children = (
				1240F5232E47EB2E001DEFDC /* ShowsRemoteDataSource.swift */,
			);
			path = DataSources;
			sourceTree = "<group>";
		};
		1240F5312E48107C001DEFDC /* ShowsList */ = {
			isa = PBXGroup;
			children = (
				1240F5322E481084001DEFDC /* ShowsListViewModel.swift */,
				1240F5342E48108F001DEFDC /* ShowsListView.swift */,
				1240F5362E4814D7001DEFDC /* ShowsListSingleItemView.swift */,
			);
			path = ShowsList;
			sourceTree = "<group>";
		};
		1240F5382E4826D8001DEFDC /* CommonUI */ = {
			isa = PBXGroup;
			children = (
				1240F53C2E48958C001DEFDC /* BorderedView */,
				1240F5392E4826F8001DEFDC /* ShimmerView */,
			);
			path = CommonUI;
			sourceTree = "<group>";
		};
		1240F5392E4826F8001DEFDC /* ShimmerView */ = {
			isa = PBXGroup;
			children = (
				1240F53A2E482701001DEFDC /* ShimmerView.swift */,
			);
			path = ShimmerView;
			sourceTree = "<group>";
		};
		1240F53C2E48958C001DEFDC /* BorderedView */ = {
			isa = PBXGroup;
			children = (
				1240F53D2E489593001DEFDC /* BorderedView.swift */,
			);
			path = BorderedView;
			sourceTree = "<group>";
		};
		1240F5452E48B4FD001DEFDC /* ShowDetail */ = {
			isa = PBXGroup;
			children = (
				1240F5462E48B504001DEFDC /* ShowDetailViewModel.swift */,
				1240F5482E48B50E001DEFDC /* ShowDetailView.swift */,
			);
			path = ShowDetail;
			sourceTree = "<group>";
		};
		1240F54F2E48D847001DEFDC /* UseCases */ = {
			isa = PBXGroup;
			children = (
				1240F5542E48E375001DEFDC /* FetchShowsPageUseCase+Preview.swift */,
				1240F5502E48D863001DEFDC /* FetchEpisodesUseCase+Preview.swift */,
			);
			path = UseCases;
			sourceTree = "<group>";
		};
		1240F5562E490CB1001DEFDC /* EpisodeDetail */ = {
			isa = PBXGroup;
			children = (
				1240F5572E490CBC001DEFDC /* EpisodeDetailViewModel.swift */,
				1240F5592E490CCE001DEFDC /* EpisodeDetailView.swift */,
			);
			path = EpisodeDetail;
			sourceTree = "<group>";
		};
/* End PBXGroup section */

/* Begin PBXNativeTarget section */
		1240F4202E475BE1001DEFDC /* TVShows */ = {
			isa = PBXNativeTarget;
			buildConfigurationList = 1240F4422E475BE3001DEFDC /* Build configuration list for PBXNativeTarget "TVShows" */;
			buildPhases = (
				1240F41D2E475BE1001DEFDC /* Sources */,
				1240F41E2E475BE1001DEFDC /* Frameworks */,
				1240F41F2E475BE1001DEFDC /* Resources */,
			);
			buildRules = (
			);
			dependencies = (
			);
			name = TVShows;
			packageProductDependencies = (
			);
			productName = TVShows;
			productReference = 1240F4212E475BE1001DEFDC /* TVShows.app */;
			productType = "com.apple.product-type.application";
		};
		1240F42D2E475BE3001DEFDC /* TVShowsTests */ = {
			isa = PBXNativeTarget;
			buildConfigurationList = 1240F4452E475BE3001DEFDC /* Build configuration list for PBXNativeTarget "TVShowsTests" */;
			buildPhases = (
				1240F42A2E475BE3001DEFDC /* Sources */,
				1240F42B2E475BE3001DEFDC /* Frameworks */,
				1240F42C2E475BE3001DEFDC /* Resources */,
			);
			buildRules = (
			);
			dependencies = (
				1240F4302E475BE3001DEFDC /* PBXTargetDependency */,
			);
			name = TVShowsTests;
			packageProductDependencies = (
			);
			productName = TVShowsTests;
			productReference = 1240F42E2E475BE3001DEFDC /* TVShowsTests.xctest */;
			productType = "com.apple.product-type.bundle.unit-test";
		};
/* End PBXNativeTarget section */

/* Begin PBXProject section */
		1240F4192E475BE1001DEFDC /* Project object */ = {
			isa = PBXProject;
			attributes = {
				BuildIndependentTargetsInParallel = 1;
				LastSwiftUpdateCheck = 1640;
				LastUpgradeCheck = 1640;
				TargetAttributes = {
					1240F4202E475BE1001DEFDC = {
						CreatedOnToolsVersion = 16.4;
					};
					1240F42D2E475BE3001DEFDC = {
						CreatedOnToolsVersion = 16.4;
						TestTargetID = 1240F4202E475BE1001DEFDC;
					};
				};
			};
			buildConfigurationList = 1240F41C2E475BE1001DEFDC /* Build configuration list for PBXProject "TVShows" */;
			developmentRegion = en;
			hasScannedForEncodings = 0;
			knownRegions = (
				en,
				Base,
			);
			mainGroup = 1240F4182E475BE1001DEFDC;
			minimizedProjectReferenceProxies = 1;
			preferredProjectObjectVersion = 77;
			productRefGroup = 1240F4222E475BE1001DEFDC /* Products */;
			projectDirPath = "";
			projectRoot = "";
			targets = (
				1240F4202E475BE1001DEFDC /* TVShows */,
				1240F42D2E475BE3001DEFDC /* TVShowsTests */,
			);
		};
/* End PBXProject section */

/* Begin PBXResourcesBuildPhase section */
		1240F41F2E475BE1001DEFDC /* Resources */ = {
			isa = PBXResourcesBuildPhase;
			buildActionMask = 2147483647;
			files = (
				1240F4BC2E476D4E001DEFDC /* Assets.xcassets in Resources */,
				1240F4E12E477710001DEFDC /* Colours.xcassets in Resources */,
			);
			runOnlyForDeploymentPostprocessing = 0;
		};
		1240F42C2E475BE3001DEFDC /* Resources */ = {
			isa = PBXResourcesBuildPhase;
			buildActionMask = 2147483647;
			files = (
				1240F5852E4956EE001DEFDC /* TVShowsTests.xctestplan in Resources */,
			);
			runOnlyForDeploymentPostprocessing = 0;
		};
/* End PBXResourcesBuildPhase section */

/* Begin PBXSourcesBuildPhase section */
		1240F41D2E475BE1001DEFDC /* Sources */ = {
			isa = PBXSourcesBuildPhase;
			buildActionMask = 2147483647;
			files = (
				1240F5372E4814E1001DEFDC /* ShowsListSingleItemView.swift in Sources */,
				1240F53E2E489595001DEFDC /* BorderedView.swift in Sources */,
				1240F4AE2E476D4E001DEFDC /* Dictionary+.swift in Sources */,
				1240F4AF2E476D4E001DEFDC /* Encodable+.swift in Sources */,
				1240F4FD2E478803001DEFDC /* ShowsListModel.swift in Sources */,
				1240F5472E48B50B001DEFDC /* ShowDetailViewModel.swift in Sources */,
				1240F4DC2E477173001DEFDC /* AppCoordinator+Preview.swift in Sources */,
				1240F4B02E476D4E001DEFDC /* String+.swift in Sources */,
				1240F5352E481092001DEFDC /* ShowsListView.swift in Sources */,
				1240F52A2E47F4D8001DEFDC /* NetworkDependencies.swift in Sources */,
				1240F5552E48E380001DEFDC /* FetchShowsPageUseCase+Preview.swift in Sources */,
				1240F4B12E476D4E001DEFDC /* NetworkCacheManager.swift in Sources */,
				1240F4B22E476D4E001DEFDC /* NetworkError.swift in Sources */,
				1240F4EE2E47822E001DEFDC /* DataTransferableObjects.swift in Sources */,
				1240F5512E48D863001DEFDC /* FetchEpisodesUseCase+Preview.swift in Sources */,
				1240F5182E47E1C6001DEFDC /* ShowsRepository.swift in Sources */,
				1240F4F82E4786CE001DEFDC /* SingleEpisodeDTO.swift in Sources */,
				1240F4CE2E477027001DEFDC /* Coordinatable.swift in Sources */,
				1240F4FF2E47880E001DEFDC /* QueriedShowsModel.swift in Sources */,
				1240F5492E48B510001DEFDC /* ShowDetailView.swift in Sources */,
				1240F5152E47E0FD001DEFDC /* Paginated.swift in Sources */,
				1240F5102E478D29001DEFDC /* QueriedShowsModel+Preview.swift in Sources */,
				1240F4D22E477094001DEFDC /* AppCoordinator.swift in Sources */,
				1240F51B2E47E306001DEFDC /* FetchShowsPageUseCase.swift in Sources */,
				1240F4B32E476D4E001DEFDC /* NetworkHTTP.swift in Sources */,
				1240F4E72E477F07001DEFDC /* ShowRequestConfigs.swift in Sources */,
				1240F51D2E47E374001DEFDC /* QueryShowsUseCase.swift in Sources */,
				1240F5422E489F1B001DEFDC /* APIErrorDTO.swift in Sources */,
				1240F4F42E4784E3001DEFDC /* ShowsListDTO.swift in Sources */,
				1240F4D42E4770E6001DEFDC /* AppCoordinator+Paths.swift in Sources */,
				1240F53B2E482703001DEFDC /* ShimmerView.swift in Sources */,
				1240F50A2E478931001DEFDC /* SingleShowModel+Preview.swift in Sources */,
				1240F50E2E478BF0001DEFDC /* ShowsListModel+Preview.swift in Sources */,
				1240F4F62E478599001DEFDC /* QueriedShowsDTO.swift in Sources */,
				1240F4B42E476D4E001DEFDC /* NetworkLogging.swift in Sources */,
				1240F4B52E476D4E001DEFDC /* NetworkRequestBuilder.swift in Sources */,
				1240F4B62E476D4E001DEFDC /* NetworkRequestConfig.swift in Sources */,
				1240F54B2E48B965001DEFDC /* Enveloped.swift in Sources */,
				1240F4B72E476D4E001DEFDC /* NetworkResponseValidator.swift in Sources */,
				1240F4FA2E478756001DEFDC /* EpisodesListDTO.swift in Sources */,
				1240F4D02E477031001DEFDC /* CoordinatablePath.swift in Sources */,
				1240F5582E490CBF001DEFDC /* EpisodeDetailViewModel.swift in Sources */,
				1240F4DE2E4775E0001DEFDC /* Font+.swift in Sources */,
				1240F5012E478813001DEFDC /* SingleShowModel.swift in Sources */,
				1240F4B82E476D4E001DEFDC /* NetworkSessionManager.swift in Sources */,
				1240F5242E47EB33001DEFDC /* ShowsRemoteDataSource.swift in Sources */,
				1240F5532E48E358001DEFDC /* ShowsListViewModel+Preview.swift in Sources */,
				1240F5332E48108C001DEFDC /* ShowsListViewModel.swift in Sources */,
				1240F5302E480B1D001DEFDC /* ShowsRepositoryImpl.swift in Sources */,
				1240F5262E47F02C001DEFDC /* NetworkFactory.swift in Sources */,
				1240F5602E4915BA001DEFDC /* Int+.swift in Sources */,
				1240F4B92E476D4E001DEFDC /* NetworkExecutor.swift in Sources */,
				1240F55E2E490E60001DEFDC /* EpisodeDetailViewModel+Preview.swift in Sources */,
				1240F50C2E478942001DEFDC /* SingleEpisodeModel+Preview.swift in Sources */,
				1240F5032E47881D001DEFDC /* EpisodesListModel.swift in Sources */,
				1240F5122E479365001DEFDC /* EpisodesList+Preview.swift in Sources */,
				1240F4CC2E477020001DEFDC /* BaseCoordinatable.swift in Sources */,
				1240F51F2E47E393001DEFDC /* FetchEpisodesUseCase.swift in Sources */,
				1240F5402E4896C9001DEFDC /* Color+.swift in Sources */,
				1240F4BB2E476D4E001DEFDC /* TVShowsApp.swift in Sources */,
				1240F55C2E490CFF001DEFDC /* ShowDetailViewModel+Preview.swift in Sources */,
				1240F5282E47F3C2001DEFDC /* NetworkErrorMapper.swift in Sources */,
				1240F4F02E4782FB001DEFDC /* SingleShowDTO.swift in Sources */,
				1240F5052E478823001DEFDC /* SingleEpisodeModel.swift in Sources */,
				1240F52D2E47FE5D001DEFDC /* NetworkResponseDecoder.swift in Sources */,
				1240F55A2E490CD0001DEFDC /* EpisodeDetailView.swift in Sources */,
				1240F4D62E47711D001DEFDC /* AppCoordinatorView.swift in Sources */,
			);
			runOnlyForDeploymentPostprocessing = 0;
		};
		1240F42A2E475BE3001DEFDC /* Sources */ = {
			isa = PBXSourcesBuildPhase;
			buildActionMask = 2147483647;
			files = (
			);
			runOnlyForDeploymentPostprocessing = 0;
		};
/* End PBXSourcesBuildPhase section */

/* Begin PBXTargetDependency section */
		1240F4302E475BE3001DEFDC /* PBXTargetDependency */ = {
			isa = PBXTargetDependency;
			target = 1240F4202E475BE1001DEFDC /* TVShows */;
			targetProxy = 1240F42F2E475BE3001DEFDC /* PBXContainerItemProxy */;
		};
/* End PBXTargetDependency section */

/* Begin XCBuildConfiguration section */
		1240F4402E475BE3001DEFDC /* Debug */ = {
			isa = XCBuildConfiguration;
			buildSettings = {
				ALWAYS_SEARCH_USER_PATHS = NO;
				ASSETCATALOG_COMPILER_GENERATE_SWIFT_ASSET_SYMBOL_EXTENSIONS = YES;
				CLANG_ANALYZER_NONNULL = YES;
				CLANG_ANALYZER_NUMBER_OBJECT_CONVERSION = YES_AGGRESSIVE;
				CLANG_CXX_LANGUAGE_STANDARD = "gnu++20";
				CLANG_ENABLE_MODULES = YES;
				CLANG_ENABLE_OBJC_ARC = YES;
				CLANG_ENABLE_OBJC_WEAK = YES;
				CLANG_WARN_BLOCK_CAPTURE_AUTORELEASING = YES;
				CLANG_WARN_BOOL_CONVERSION = YES;
				CLANG_WARN_COMMA = YES;
				CLANG_WARN_CONSTANT_CONVERSION = YES;
				CLANG_WARN_DEPRECATED_OBJC_IMPLEMENTATIONS = YES;
				CLANG_WARN_DIRECT_OBJC_ISA_USAGE = YES_ERROR;
				CLANG_WARN_DOCUMENTATION_COMMENTS = YES;
				CLANG_WARN_EMPTY_BODY = YES;
				CLANG_WARN_ENUM_CONVERSION = YES;
				CLANG_WARN_INFINITE_RECURSION = YES;
				CLANG_WARN_INT_CONVERSION = YES;
				CLANG_WARN_NON_LITERAL_NULL_CONVERSION = YES;
				CLANG_WARN_OBJC_IMPLICIT_RETAIN_SELF = YES;
				CLANG_WARN_OBJC_LITERAL_CONVERSION = YES;
				CLANG_WARN_OBJC_ROOT_CLASS = YES_ERROR;
				CLANG_WARN_QUOTED_INCLUDE_IN_FRAMEWORK_HEADER = YES;
				CLANG_WARN_RANGE_LOOP_ANALYSIS = YES;
				CLANG_WARN_STRICT_PROTOTYPES = YES;
				CLANG_WARN_SUSPICIOUS_MOVE = YES;
				CLANG_WARN_UNGUARDED_AVAILABILITY = YES_AGGRESSIVE;
				CLANG_WARN_UNREACHABLE_CODE = YES;
				CLANG_WARN__DUPLICATE_METHOD_MATCH = YES;
				COPY_PHASE_STRIP = NO;
				DEBUG_INFORMATION_FORMAT = dwarf;
				DEVELOPMENT_TEAM = 6NW28QCL54;
				ENABLE_STRICT_OBJC_MSGSEND = YES;
				ENABLE_TESTABILITY = YES;
				ENABLE_USER_SCRIPT_SANDBOXING = YES;
				GCC_C_LANGUAGE_STANDARD = gnu17;
				GCC_DYNAMIC_NO_PIC = NO;
				GCC_NO_COMMON_BLOCKS = YES;
				GCC_OPTIMIZATION_LEVEL = 0;
				GCC_PREPROCESSOR_DEFINITIONS = (
					"DEBUG=1",
					"$(inherited)",
				);
				GCC_WARN_64_TO_32_BIT_CONVERSION = YES;
				GCC_WARN_ABOUT_RETURN_TYPE = YES_ERROR;
				GCC_WARN_UNDECLARED_SELECTOR = YES;
				GCC_WARN_UNINITIALIZED_AUTOS = YES_AGGRESSIVE;
				GCC_WARN_UNUSED_FUNCTION = YES;
				GCC_WARN_UNUSED_VARIABLE = YES;
				IPHONEOS_DEPLOYMENT_TARGET = 18.5;
				LOCALIZATION_PREFERS_STRING_CATALOGS = YES;
				MTL_ENABLE_DEBUG_INFO = INCLUDE_SOURCE;
				MTL_FAST_MATH = YES;
				ONLY_ACTIVE_ARCH = YES;
				SDKROOT = iphoneos;
				SWIFT_ACTIVE_COMPILATION_CONDITIONS = "DEBUG $(inherited)";
				SWIFT_OPTIMIZATION_LEVEL = "-Onone";
				SWIFT_STRICT_CONCURRENCY = complete;
			};
			name = Debug;
		};
		1240F4412E475BE3001DEFDC /* Release */ = {
			isa = XCBuildConfiguration;
			buildSettings = {
				ALWAYS_SEARCH_USER_PATHS = NO;
				ASSETCATALOG_COMPILER_GENERATE_SWIFT_ASSET_SYMBOL_EXTENSIONS = YES;
				CLANG_ANALYZER_NONNULL = YES;
				CLANG_ANALYZER_NUMBER_OBJECT_CONVERSION = YES_AGGRESSIVE;
				CLANG_CXX_LANGUAGE_STANDARD = "gnu++20";
				CLANG_ENABLE_MODULES = YES;
				CLANG_ENABLE_OBJC_ARC = YES;
				CLANG_ENABLE_OBJC_WEAK = YES;
				CLANG_WARN_BLOCK_CAPTURE_AUTORELEASING = YES;
				CLANG_WARN_BOOL_CONVERSION = YES;
				CLANG_WARN_COMMA = YES;
				CLANG_WARN_CONSTANT_CONVERSION = YES;
				CLANG_WARN_DEPRECATED_OBJC_IMPLEMENTATIONS = YES;
				CLANG_WARN_DIRECT_OBJC_ISA_USAGE = YES_ERROR;
				CLANG_WARN_DOCUMENTATION_COMMENTS = YES;
				CLANG_WARN_EMPTY_BODY = YES;
				CLANG_WARN_ENUM_CONVERSION = YES;
				CLANG_WARN_INFINITE_RECURSION = YES;
				CLANG_WARN_INT_CONVERSION = YES;
				CLANG_WARN_NON_LITERAL_NULL_CONVERSION = YES;
				CLANG_WARN_OBJC_IMPLICIT_RETAIN_SELF = YES;
				CLANG_WARN_OBJC_LITERAL_CONVERSION = YES;
				CLANG_WARN_OBJC_ROOT_CLASS = YES_ERROR;
				CLANG_WARN_QUOTED_INCLUDE_IN_FRAMEWORK_HEADER = YES;
				CLANG_WARN_RANGE_LOOP_ANALYSIS = YES;
				CLANG_WARN_STRICT_PROTOTYPES = YES;
				CLANG_WARN_SUSPICIOUS_MOVE = YES;
				CLANG_WARN_UNGUARDED_AVAILABILITY = YES_AGGRESSIVE;
				CLANG_WARN_UNREACHABLE_CODE = YES;
				CLANG_WARN__DUPLICATE_METHOD_MATCH = YES;
				COPY_PHASE_STRIP = NO;
				DEBUG_INFORMATION_FORMAT = "dwarf-with-dsym";
				DEVELOPMENT_TEAM = 6NW28QCL54;
				ENABLE_NS_ASSERTIONS = NO;
				ENABLE_STRICT_OBJC_MSGSEND = YES;
				ENABLE_USER_SCRIPT_SANDBOXING = YES;
				GCC_C_LANGUAGE_STANDARD = gnu17;
				GCC_NO_COMMON_BLOCKS = YES;
				GCC_WARN_64_TO_32_BIT_CONVERSION = YES;
				GCC_WARN_ABOUT_RETURN_TYPE = YES_ERROR;
				GCC_WARN_UNDECLARED_SELECTOR = YES;
				GCC_WARN_UNINITIALIZED_AUTOS = YES_AGGRESSIVE;
				GCC_WARN_UNUSED_FUNCTION = YES;
				GCC_WARN_UNUSED_VARIABLE = YES;
				IPHONEOS_DEPLOYMENT_TARGET = 18.5;
				LOCALIZATION_PREFERS_STRING_CATALOGS = YES;
				MTL_ENABLE_DEBUG_INFO = NO;
				MTL_FAST_MATH = YES;
				SDKROOT = iphoneos;
				SWIFT_COMPILATION_MODE = wholemodule;
				SWIFT_STRICT_CONCURRENCY = complete;
				VALIDATE_PRODUCT = YES;
			};
			name = Release;
		};
		1240F4432E475BE3001DEFDC /* Debug */ = {
			isa = XCBuildConfiguration;
			buildSettings = {
				ASSETCATALOG_COMPILER_APPICON_NAME = AppIcon;
				ASSETCATALOG_COMPILER_GLOBAL_ACCENT_COLOR_NAME = "";
				CODE_SIGN_STYLE = Automatic;
				CURRENT_PROJECT_VERSION = 1;
				DEVELOPMENT_TEAM = 6NW28QCL54;
				ENABLE_PREVIEWS = YES;
				GENERATE_INFOPLIST_FILE = YES;
				INFOPLIST_KEY_CFBundleDisplayName = "TV Shows by T";
				INFOPLIST_KEY_LSApplicationCategoryType = "public.app-category.entertainment";
				INFOPLIST_KEY_UIApplicationSceneManifest_Generation = YES;
				INFOPLIST_KEY_UIApplicationSupportsIndirectInputEvents = YES;
				INFOPLIST_KEY_UILaunchScreen_Generation = YES;
				INFOPLIST_KEY_UISupportedInterfaceOrientations = UIInterfaceOrientationPortrait;
				INFOPLIST_KEY_UISupportedInterfaceOrientations_iPad = "UIInterfaceOrientationLandscapeLeft UIInterfaceOrientationLandscapeRight UIInterfaceOrientationPortrait UIInterfaceOrientationPortraitUpsideDown";
				IPHONEOS_DEPLOYMENT_TARGET = 17.6;
				LD_RUNPATH_SEARCH_PATHS = (
					"$(inherited)",
					"@executable_path/Frameworks",
				);
				MARKETING_VERSION = 1.0.0;
				PRODUCT_BUNDLE_IDENTIFIER = br.com.thomasccpereira.TVShows;
				PRODUCT_NAME = "$(TARGET_NAME)";
				SUPPORTED_PLATFORMS = "iphoneos iphonesimulator";
				SUPPORTS_MACCATALYST = NO;
				SUPPORTS_MAC_DESIGNED_FOR_IPHONE_IPAD = NO;
				SUPPORTS_XR_DESIGNED_FOR_IPHONE_IPAD = NO;
				SWIFT_EMIT_LOC_STRINGS = YES;
				SWIFT_VERSION = 6.0;
				TARGETED_DEVICE_FAMILY = 1;
			};
			name = Debug;
		};
		1240F4442E475BE3001DEFDC /* Release */ = {
			isa = XCBuildConfiguration;
			buildSettings = {
				ASSETCATALOG_COMPILER_APPICON_NAME = AppIcon;
				ASSETCATALOG_COMPILER_GLOBAL_ACCENT_COLOR_NAME = "";
				CODE_SIGN_STYLE = Automatic;
				CURRENT_PROJECT_VERSION = 1;
				DEVELOPMENT_TEAM = 6NW28QCL54;
				ENABLE_PREVIEWS = YES;
				GENERATE_INFOPLIST_FILE = YES;
				INFOPLIST_KEY_CFBundleDisplayName = "TV Shows by T";
				INFOPLIST_KEY_LSApplicationCategoryType = "public.app-category.entertainment";
				INFOPLIST_KEY_UIApplicationSceneManifest_Generation = YES;
				INFOPLIST_KEY_UIApplicationSupportsIndirectInputEvents = YES;
				INFOPLIST_KEY_UILaunchScreen_Generation = YES;
				INFOPLIST_KEY_UISupportedInterfaceOrientations = UIInterfaceOrientationPortrait;
				INFOPLIST_KEY_UISupportedInterfaceOrientations_iPad = "UIInterfaceOrientationLandscapeLeft UIInterfaceOrientationLandscapeRight UIInterfaceOrientationPortrait UIInterfaceOrientationPortraitUpsideDown";
				IPHONEOS_DEPLOYMENT_TARGET = 17.6;
				LD_RUNPATH_SEARCH_PATHS = (
					"$(inherited)",
					"@executable_path/Frameworks",
				);
				MARKETING_VERSION = 1.0.0;
				PRODUCT_BUNDLE_IDENTIFIER = br.com.thomasccpereira.TVShows;
				PRODUCT_NAME = "$(TARGET_NAME)";
				SUPPORTED_PLATFORMS = "iphoneos iphonesimulator";
				SUPPORTS_MACCATALYST = NO;
				SUPPORTS_MAC_DESIGNED_FOR_IPHONE_IPAD = NO;
				SUPPORTS_XR_DESIGNED_FOR_IPHONE_IPAD = NO;
				SWIFT_EMIT_LOC_STRINGS = YES;
				SWIFT_VERSION = 6.0;
				TARGETED_DEVICE_FAMILY = 1;
			};
			name = Release;
		};
		1240F4462E475BE3001DEFDC /* Debug */ = {
			isa = XCBuildConfiguration;
			buildSettings = {
				BUNDLE_LOADER = "$(TEST_HOST)";
				CODE_SIGN_STYLE = Automatic;
				CURRENT_PROJECT_VERSION = 1;
				DEVELOPMENT_TEAM = 6NW28QCL54;
				GENERATE_INFOPLIST_FILE = YES;
				IPHONEOS_DEPLOYMENT_TARGET = 18.5;
				MARKETING_VERSION = 1.0;
				PRODUCT_BUNDLE_IDENTIFIER = br.com.thomasccpereira.TVShowsTests;
				PRODUCT_NAME = "$(TARGET_NAME)";
				SWIFT_EMIT_LOC_STRINGS = NO;
				SWIFT_VERSION = 5.0;
				TARGETED_DEVICE_FAMILY = "1,2";
				TEST_HOST = "$(BUILT_PRODUCTS_DIR)/TVShows.app/$(BUNDLE_EXECUTABLE_FOLDER_PATH)/TVShows";
			};
			name = Debug;
		};
		1240F4472E475BE3001DEFDC /* Release */ = {
			isa = XCBuildConfiguration;
			buildSettings = {
				BUNDLE_LOADER = "$(TEST_HOST)";
				CODE_SIGN_STYLE = Automatic;
				CURRENT_PROJECT_VERSION = 1;
				DEVELOPMENT_TEAM = 6NW28QCL54;
				GENERATE_INFOPLIST_FILE = YES;
				IPHONEOS_DEPLOYMENT_TARGET = 18.5;
				MARKETING_VERSION = 1.0;
				PRODUCT_BUNDLE_IDENTIFIER = br.com.thomasccpereira.TVShowsTests;
				PRODUCT_NAME = "$(TARGET_NAME)";
				SWIFT_EMIT_LOC_STRINGS = NO;
				SWIFT_VERSION = 5.0;
				TARGETED_DEVICE_FAMILY = "1,2";
				TEST_HOST = "$(BUILT_PRODUCTS_DIR)/TVShows.app/$(BUNDLE_EXECUTABLE_FOLDER_PATH)/TVShows";
			};
			name = Release;
		};
/* End XCBuildConfiguration section */

/* Begin XCConfigurationList section */
		1240F41C2E475BE1001DEFDC /* Build configuration list for PBXProject "TVShows" */ = {
			isa = XCConfigurationList;
			buildConfigurations = (
				1240F4402E475BE3001DEFDC /* Debug */,
				1240F4412E475BE3001DEFDC /* Release */,
			);
			defaultConfigurationIsVisible = 0;
			defaultConfigurationName = Release;
		};
		1240F4422E475BE3001DEFDC /* Build configuration list for PBXNativeTarget "TVShows" */ = {
			isa = XCConfigurationList;
			buildConfigurations = (
				1240F4432E475BE3001DEFDC /* Debug */,
				1240F4442E475BE3001DEFDC /* Release */,
			);
			defaultConfigurationIsVisible = 0;
			defaultConfigurationName = Release;
		};
		1240F4452E475BE3001DEFDC /* Build configuration list for PBXNativeTarget "TVShowsTests" */ = {
			isa = XCConfigurationList;
			buildConfigurations = (
				1240F4462E475BE3001DEFDC /* Debug */,
				1240F4472E475BE3001DEFDC /* Release */,
			);
			defaultConfigurationIsVisible = 0;
			defaultConfigurationName = Release;
		};
/* End XCConfigurationList section */
	};
	rootObject = 1240F4192E475BE1001DEFDC /* Project object */;
}
